// !$*UTF8*$!
{
	archiveVersion = 1;
	classes = {
	};
	objectVersion = 46;
	objects = {

/* Begin PBXBuildFile section */
		2429C1381D1AB6D600613F9E /* main.m in Sources */ = {isa = PBXBuildFile; fileRef = 2429C1371D1AB6D600613F9E /* main.m */; };
		2429C13B1D1AB6D600613F9E /* AppDelegate.m in Sources */ = {isa = PBXBuildFile; fileRef = 2429C13A1D1AB6D600613F9E /* AppDelegate.m */; };
		2429C13E1D1AB6D600613F9E /* ViewController.m in Sources */ = {isa = PBXBuildFile; fileRef = 2429C13D1D1AB6D600613F9E /* ViewController.m */; };
		2429C1411D1AB6D600613F9E /* Main.storyboard in Resources */ = {isa = PBXBuildFile; fileRef = 2429C13F1D1AB6D600613F9E /* Main.storyboard */; };
		2429C1431D1AB6D600613F9E /* Assets.xcassets in Resources */ = {isa = PBXBuildFile; fileRef = 2429C1421D1AB6D600613F9E /* Assets.xcassets */; };
		2429C1461D1AB6D600613F9E /* LaunchScreen.storyboard in Resources */ = {isa = PBXBuildFile; fileRef = 2429C1441D1AB6D600613F9E /* LaunchScreen.storyboard */; };
/* End PBXBuildFile section */

/* Begin PBXFileReference section */
		2429C1331D1AB6D600613F9E /* FastEnumerationSample.app */ = {isa = PBXFileReference; explicitFileType = wrapper.application; includeInIndex = 0; path = FastEnumerationSample.app; sourceTree = BUILT_PRODUCTS_DIR; };
		2429C1371D1AB6D600613F9E /* main.m */ = {isa = PBXFileReference; lastKnownFileType = sourcecode.c.objc; path = main.m; sourceTree = "<group>"; };
		2429C1391D1AB6D600613F9E /* AppDelegate.h */ = {isa = PBXFileReference; lastKnownFileType = sourcecode.c.h; path = AppDelegate.h; sourceTree = "<group>"; };
		2429C13A1D1AB6D600613F9E /* AppDelegate.m */ = {isa = PBXFileReference; lastKnownFileType = sourcecode.c.objc; path = AppDelegate.m; sourceTree = "<group>"; };
		2429C13C1D1AB6D600613F9E /* ViewController.h */ = {isa = PBXFileReference; lastKnownFileType = sourcecode.c.h; path = ViewController.h; sourceTree = "<group>"; };
		2429C13D1D1AB6D600613F9E /* ViewController.m */ = {isa = PBXFileReference; lastKnownFileType = sourcecode.c.objc; path = ViewController.m; sourceTree = "<group>"; };
		2429C1401D1AB6D600613F9E /* Base */ = {isa = PBXFileReference; lastKnownFileType = file.storyboard; name = Base; path = Base.lproj/Main.storyboard; sourceTree = "<group>"; };
		2429C1421D1AB6D600613F9E /* Assets.xcassets */ = {isa = PBXFileReference; lastKnownFileType = folder.assetcatalog; path = Assets.xcassets; sourceTree = "<group>"; };
		2429C1451D1AB6D600613F9E /* Base */ = {isa = PBXFileReference; lastKnownFileType = file.storyboard; name = Base; path = Base.lproj/LaunchScreen.storyboard; sourceTree = "<group>"; };
		2429C1471D1AB6D600613F9E /* Info.plist */ = {isa = PBXFileReference; lastKnownFileType = text.plist.xml; path = Info.plist; sourceTree = "<group>"; };
/* End PBXFileReference section */

/* Begin PBXFrameworksBuildPhase section */
		2429C1301D1AB6D600613F9E /* Frameworks */ = {
			isa = PBXFrameworksBuildPhase;
			buildActionMask = 2147483647;
			files = (
			);
			runOnlyForDeploymentPostprocessing = 0;
		};
/* End PBXFrameworksBuildPhase section */

/* Begin PBXGroup section */
		2429C12A1D1AB6D600613F9E = {
			isa = PBXGroup;
			children = (
				2429C1351D1AB6D600613F9E /* FastEnumerationSample */,
				2429C1341D1AB6D600613F9E /* Products */,
			);
			sourceTree = "<group>";
		};
		2429C1341D1AB6D600613F9E /* Products */ = {
			isa = PBXGroup;
			children = (
				2429C1331D1AB6D600613F9E /* FastEnumerationSample.app */,
			);
			name = Products;
			sourceTree = "<group>";
		};
		2429C1351D1AB6D600613F9E /* FastEnumerationSample */ = {
			isa = PBXGroup;
			children = (
				2429C1391D1AB6D600613F9E /* AppDelegate.h */,
				2429C13A1D1AB6D600613F9E /* AppDelegate.m */,
				2429C13C1D1AB6D600613F9E /* ViewController.h */,
				2429C13D1D1AB6D600613F9E /* ViewController.m */,
				2429C13F1D1AB6D600613F9E /* Main.storyboard */,
				2429C1421D1AB6D600613F9E /* Assets.xcassets */,
				2429C1441D1AB6D600613F9E /* LaunchScreen.storyboard */,
				2429C1471D1AB6D600613F9E /* Info.plist */,
				2429C1361D1AB6D600613F9E /* Supporting Files */,
			);
			path = FastEnumerationSample;
			sourceTree = "<group>";
		};
		2429C1361D1AB6D600613F9E /* Supporting Files */ = {
			isa = PBXGroup;
			children = (
				2429C1371D1AB6D600613F9E /* main.m */,
			);
			name = "Supporting Files";
			sourceTree = "<group>";
		};
/* End PBXGroup section */

/* Begin PBXNativeTarget section */
		2429C1321D1AB6D600613F9E /* FastEnumerationSample */ = {
			isa = PBXNativeTarget;
			buildConfigurationList = 2429C14A1D1AB6D600613F9E /* Build configuration list for PBXNativeTarget "FastEnumerationSample" */;
			buildPhases = (
				2429C12F1D1AB6D600613F9E /* Sources */,
				2429C1301D1AB6D600613F9E /* Frameworks */,
				2429C1311D1AB6D600613F9E /* Resources */,
			);
			buildRules = (
			);
			dependencies = (
			);
			name = FastEnumerationSample;
			productName = FastEnumerationSample;
			productReference = 2429C1331D1AB6D600613F9E /* FastEnumerationSample.app */;
			productType = "com.apple.product-type.application";
		};
/* End PBXNativeTarget section */

/* Begin PBXProject section */
		2429C12B1D1AB6D600613F9E /* Project object */ = {
			isa = PBXProject;
			attributes = {
				LastUpgradeCheck = 0730;
				ORGANIZATIONNAME = leichunfeng;
				TargetAttributes = {
					2429C1321D1AB6D600613F9E = {
						CreatedOnToolsVersion = 7.3.1;
					};
				};
			};
			buildConfigurationList = 2429C12E1D1AB6D600613F9E /* Build configuration list for PBXProject "FastEnumerationSample" */;
			compatibilityVersion = "Xcode 3.2";
			developmentRegion = English;
			hasScannedForEncodings = 0;
			knownRegions = (
				en,
				Base,
			);
			mainGroup = 2429C12A1D1AB6D600613F9E;
			productRefGroup = 2429C1341D1AB6D600613F9E /* Products */;
			projectDirPath = "";
			projectRoot = "";
			targets = (
				2429C1321D1AB6D600613F9E /* FastEnumerationSample */,
			);
		};
/* End PBXProject section */

/* Begin PBXResourcesBuildPhase section */
		2429C1311D1AB6D600613F9E /* Resources */ = {
			isa = PBXResourcesBuildPhase;
			buildActionMask = 2147483647;
			files = (
				2429C1461D1AB6D600613F9E /* LaunchScreen.storyboard in Resources */,
				2429C1431D1AB6D600613F9E /* Assets.xcassets in Resources */,
				2429C1411D1AB6D600613F9E /* Main.storyboard in Resources */,
			);
			runOnlyForDeploymentPostprocessing = 0;
		};
/* End PBXResourcesBuildPhase section */

/* Begin PBXSourcesBuildPhase section */
		2429C12F1D1AB6D600613F9E /* Sources */ = {
			isa = PBXSourcesBuildPhase;
			buildActionMask = 2147483647;
			files = (
				2429C13E1D1AB6D600613F9E /* ViewController.m in Sources */,
				2429C13B1D1AB6D600613F9E /* AppDelegate.m in Sources */,
				2429C1381D1AB6D600613F9E /* main.m in Sources */,
			);
			runOnlyForDeploymentPostprocessing = 0;
		};
/* End PBXSourcesBuildPhase section */

/* Begin PBXVariantGroup section */
		2429C13F1D1AB6D600613F9E /* Main.storyboard */ = {
			isa = PBXVariantGroup;
			children = (
				2429C1401D1AB6D600613F9E /* Base */,
			);
			name = Main.storyboard;
			sourceTree = "<group>";
		};
		2429C1441D1AB6D600613F9E /* LaunchScreen.storyboard */ = {
			isa = PBXVariantGroup;
			children = (
				2429C1451D1AB6D600613F9E /* Base */,
			);
			name = LaunchScreen.storyboard;
			sourceTree = "<group>";
		};
/* End PBXVariantGroup section */

/* Begin XCBuildConfiguration section */
		2429C1481D1AB6D600613F9E /* Debug */ = {
			isa = XCBuildConfiguration;
			buildSettings = {
				ALWAYS_SEARCH_USER_PATHS = NO;
				CLANG_ANALYZER_NONNULL = YES;
				CLANG_CXX_LANGUAGE_STANDARD = "gnu++0x";
				CLANG_CXX_LIBRARY = "libc++";
				CLANG_ENABLE_MODULES = YES;
				CLANG_ENABLE_OBJC_ARC = YES;
				CLANG_WARN_BOOL_CONVERSION = YES;
				CLANG_WARN_CONSTANT_CONVERSION = YES;
				CLANG_WARN_DIRECT_OBJC_ISA_USAGE = YES_ERROR;
				CLANG_WARN_EMPTY_BODY = YES;
				CLANG_WARN_ENUM_CONVERSION = YES;
				CLANG_WARN_INT_CONVERSION = YES;
				CLANG_WARN_OBJC_ROOT_CLASS = YES_ERROR;
				CLANG_WARN_UNREACHABLE_CODE = YES;
				CLANG_WARN__DUPLICATE_METHOD_MATCH = YES;
				"CODE_SIGN_IDENTITY[sdk=iphoneos*]" = "iPhone Developer";
				COPY_PHASE_STRIP = NO;
				DEBUG_INFORMATION_FORMAT = dwarf;
				ENABLE_STRICT_OBJC_MSGSEND = YES;
				ENABLE_TESTABILITY = YES;
				GCC_C_LANGUAGE_STANDARD = gnu99;
				GCC_DYNAMIC_NO_PIC = NO;
				GCC_NO_COMMON_BLOCKS = YES;
				GCC_OPTIMIZATION_LEVEL = 0;
				GCC_PREPROCESSOR_DEFINITIONS = (
					"DEBUG=1",
					"$(inherited)",
				);
				GCC_WARN_64_TO_32_BIT_CONVERSION = YES;
				GCC_WARN_ABOUT_RETURN_TYPE = YES_ERROR;
				GCC_WARN_UNDECLARED_SELECTOR = YES;
				GCC_WARN_UNINITIALIZED_AUTOS = YES_AGGRESSIVE;
				GCC_WARN_UNUSED_FUNCTION = YES;
				GCC_WARN_UNUSED_VARIABLE = YES;
				IPHONEOS_DEPLOYMENT_TARGET = 9.3;
				MTL_ENABLE_DEBUG_INFO = YES;
				ONLY_ACTIVE_ARCH = YES;
				SDKROOT = iphoneos;
			};
			name = Debug;
		};
		2429C1491D1AB6D600613F9E /* Release */ = {
			isa = XCBuildConfiguration;
			buildSettings = {
				ALWAYS_SEARCH_USER_PATHS = NO;
				CLANG_ANALYZER_NONNULL = YES;
				CLANG_CXX_LANGUAGE_STANDARD = "gnu++0x";
				CLANG_CXX_LIBRARY = "libc++";
				CLANG_ENABLE_MODULES = YES;
				CLANG_ENABLE_OBJC_ARC = YES;
				CLANG_WARN_BOOL_CONVERSION = YES;
				CLANG_WARN_CONSTANT_CONVERSION = YES;
				CLANG_WARN_DIRECT_OBJC_ISA_USAGE = YES_ERROR;
				CLANG_WARN_EMPTY_BODY = YES;
				CLANG_WARN_ENUM_CONVERSION = YES;
				CLANG_WARN_INT_CONVERSION = YES;
				CLANG_WARN_OBJC_ROOT_CLASS = YES_ERROR;
				CLANG_WARN_UNREACHABLE_CODE = YES;
				CLANG_WARN__DUPLICATE_METHOD_MATCH = YES;
				"CODE_SIGN_IDENTITY[sdk=iphoneos*]" = "iPhone Developer";
				COPY_PHASE_STRIP = NO;
				DEBUG_INFORMATION_FORMAT = "dwarf-with-dsym";
				ENABLE_NS_ASSERTIONS = NO;
				ENABLE_STRICT_OBJC_MSGSEND = YES;
				GCC_C_LANGUAGE_STANDARD = gnu99;
				GCC_NO_COMMON_BLOCKS = YES;
				GCC_WARN_64_TO_32_BIT_CONVERSION = YES;
				GCC_WARN_ABOUT_RETURN_TYPE = YES_ERROR;
				GCC_WARN_UNDECLARED_SELECTOR = YES;
				GCC_WARN_UNINITIALIZED_AUTOS = YES_AGGRESSIVE;
				GCC_WARN_UNUSED_FUNCTION = YES;
				GCC_WARN_UNUSED_VARIABLE = YES;
				IPHONEOS_DEPLOYMENT_TARGET = 9.3;
				MTL_ENABLE_DEBUG_INFO = NO;
				SDKROOT = iphoneos;
				VALIDATE_PRODUCT = YES;
			};
			name = Release;
		};
		2429C14B1D1AB6D600613F9E /* Debug */ = {
			isa = XCBuildConfiguration;
			buildSettings = {
				ASSETCATALOG_COMPILER_APPICON_NAME = AppIcon;
				INFOPLIST_FILE = FastEnumerationSample/Info.plist;
				LD_RUNPATH_SEARCH_PATHS = "$(inherited) @executable_path/Frameworks";
				PRODUCT_BUNDLE_IDENTIFIER = com.leichunfeng.FastEnumerationSample;
				PRODUCT_NAME = "$(TARGET_NAME)";
			};
			name = Debug;
		};
		2429C14C1D1AB6D600613F9E /* Release */ = {
			isa = XCBuildConfiguration;
			buildSettings = {
				ASSETCATALOG_COMPILER_APPICON_NAME = AppIcon;
				INFOPLIST_FILE = FastEnumerationSample/Info.plist;
				LD_RUNPATH_SEARCH_PATHS = "$(inherited) @executable_path/Frameworks";
				PRODUCT_BUNDLE_IDENTIFIER = com.leichunfeng.FastEnumerationSample;
				PRODUCT_NAME = "$(TARGET_NAME)";
			};
			name = Release;
		};
/* End XCBuildConfiguration section */

/* Begin XCConfigurationList section */
		2429C12E1D1AB6D600613F9E /* Build configuration list for PBXProject "FastEnumerationSample" */ = {
			isa = XCConfigurationList;
			buildConfigurations = (
				2429C1481D1AB6D600613F9E /* Debug */,
				2429C1491D1AB6D600613F9E /* Release */,
			);
			defaultConfigurationIsVisible = 0;
			defaultConfigurationName = Release;
		};
		2429C14A1D1AB6D600613F9E /* Build configuration list for PBXNativeTarget "FastEnumerationSample" */ = {
			isa = XCConfigurationList;
			buildConfigurations = (
				2429C14B1D1AB6D600613F9E /* Debug */,
				2429C14C1D1AB6D600613F9E /* Release */,
			);
			defaultConfigurationIsVisible = 0;
		};
/* End XCConfigurationList section */
	};
	rootObject = 2429C12B1D1AB6D600613F9E /* Project object */;
}
